apiVersion: vendir.k14s.io/v1alpha1
directories:
- contents:
  - git:
      commitTitle: 'feat: add block info to global query (#328)...'
      sha: 8904f4e0f13b03bf50b2c8f2075afb5f33fc3561
      tags:
      - 0.21.117-3-g8904f4e0f
    path: .
  path: dev
- contents:
  - git:
      commitTitle: 'feat: add block info to global query (#328)...'
      sha: 8904f4e0f13b03bf50b2c8f2075afb5f33fc3561
      tags:
      - 0.21.117-3-g8904f4e0f
    path: schemas
  - git:
      commitTitle: 'feat: add block info to global query (#328)...'
      sha: 8904f4e0f13b03bf50b2c8f2075afb5f33fc3561
      tags:
      - 0.21.117-3-g8904f4e0f
    path: gql
  path: graphql
kind: LockConfig
