apiVersion: vendir.k14s.io/v1alpha1
directories:
- contents:
  - git:
      commitTitle: 'chore(deps): update @ip1sms/disposable-phone-numbers to v2.1.1309
        (#253)...'
      sha: 60e51c22109034affaa7bd4f8a4c4a6ecf32b302
      tags:
      - 0.21.99-2-g60e51c221
    path: .
  path: dev
- contents:
  - git:
      commitTitle: 'chore(deps): update @ip1sms/disposable-phone-numbers to v2.1.1309
        (#253)...'
      sha: 60e51c22109034affaa7bd4f8a4c4a6ecf32b302
      tags:
      - 0.21.99-2-g60e51c221
    path: schemas
  - git:
      commitTitle: 'chore(deps): update @ip1sms/disposable-phone-numbers to v2.1.1309
        (#253)...'
      sha: 60e51c22109034affaa7bd4f8a4c4a6ecf32b302
      tags:
      - 0.21.99-2-g60e51c221
    path: gql
  path: graphql
kind: LockConfig
